
Microsoft Visual Studio Solution File, Format Version 12.00
# Visual Studio Version 17
VisualStudioVersion = 17.4.33110.190
MinimumVisualStudioVersion = 10.0.40219.1
Project("{9A19103F-16F7-4668-BE54-9A1E7A4F7556}") = "ProjetoEmprestimo", "ProjetoEmprestimo\ProjetoEmprestimo.csproj", "{6DF3EB97-0834-41EF-9472-60451764E992}"
EndProject
Project("{FAE04EC0-301F-11D3-BF4B-00C04F79EFBC}") = "ProjetoEmprestimo.Data", "ProjetoEmprestimo.Data\ProjetoEmprestimo.Data.csproj", "{CF081603-4891-4281-BF67-65C505AA0DFD}"
EndProject
Global
	GlobalSection(SolutionConfigurationPlatforms) = preSolution
		Debug|Any CPU = Debug|Any CPU
		Release|Any CPU = Release|Any CPU
	EndGlobalSection
	GlobalSection(ProjectConfigurationPlatforms) = postSolution
		{6DF3EB97-0834-41EF-9472-60451764E992}.Debug|Any CPU.ActiveCfg = Debug|Any CPU
		{6DF3EB97-0834-41EF-9472-60451764E992}.Debug|Any CPU.Build.0 = Debug|Any CPU
		{6DF3EB97-0834-41EF-9472-60451764E992}.Release|Any CPU.ActiveCfg = Release|Any CPU
		{6DF3EB97-0834-41EF-9472-60451764E992}.Release|Any CPU.Build.0 = Release|Any CPU
		{CF081603-4891-4281-BF67-65C505AA0DFD}.Debug|Any CPU.ActiveCfg = Debug|Any CPU
		{CF081603-4891-4281-BF67-65C505AA0DFD}.Debug|Any CPU.Build.0 = Debug|Any CPU
		{CF081603-4891-4281-BF67-65C505AA0DFD}.Release|Any CPU.ActiveCfg = Release|Any CPU
		{CF081603-4891-4281-BF67-65C505AA0DFD}.Release|Any CPU.Build.0 = Release|Any CPU
	EndGlobalSection
	GlobalSection(SolutionProperties) = preSolution
		HideSolutionNode = FALSE
	EndGlobalSection
	GlobalSection(ExtensibilityGlobals) = postSolution
		SolutionGuid = {421A17EB-5A95-417E-83AB-A923423BAC9D}
	EndGlobalSection
EndGlobal
